
Microsoft Visual Studio Solution File, Format Version 12.00
# Visual Studio Version 17
VisualStudioVersion = 17.0.32014.148
MinimumVisualStudioVersion = 10.0.40219.1
Project("{FAE04EC0-301F-11D3-BF4B-00C04F79EFBC}") = "DP", "DP\DP.csproj", "{5DF46F40-2231-4C57-A272-151AE119508A}"
EndProject
Project("{FAE04EC0-301F-11D3-BF4B-00C04F79EFBC}") = "SoldierCopy", "SoldierCopy\SoldierCopy.csproj", "{2327781F-1EDC-44E6-A174-40506845DDC3}"
EndProject
Global
	GlobalSection(SolutionConfigurationPlatforms) = preSolution
		Debug|Any CPU = Debug|Any CPU
		Release|Any CPU = Release|Any CPU
	EndGlobalSection
	GlobalSection(ProjectConfigurationPlatforms) = postSolution
		{5DF46F40-2231-4C57-A272-151AE119508A}.Debug|Any CPU.ActiveCfg = Debug|Any CPU
		{5DF46F40-2231-4C57-A272-151AE119508A}.Debug|Any CPU.Build.0 = Debug|Any CPU
		{5DF46F40-2231-4C57-A272-151AE119508A}.Release|Any CPU.ActiveCfg = Release|Any CPU
		{5DF46F40-2231-4C57-A272-151AE119508A}.Release|Any CPU.Build.0 = Release|Any CPU
		{2327781F-1EDC-44E6-A174-40506845DDC3}.Debug|Any CPU.ActiveCfg = Debug|Any CPU
		{2327781F-1EDC-44E6-A174-40506845DDC3}.Debug|Any CPU.Build.0 = Debug|Any CPU
		{2327781F-1EDC-44E6-A174-40506845DDC3}.Release|Any CPU.ActiveCfg = Release|Any CPU
		{2327781F-1EDC-44E6-A174-40506845DDC3}.Release|Any CPU.Build.0 = Release|Any CPU
	EndGlobalSection
	GlobalSection(SolutionProperties) = preSolution
		HideSolutionNode = FALSE
	EndGlobalSection
	GlobalSection(ExtensibilityGlobals) = postSolution
		SolutionGuid = {53E993E0-9D46-4128-A75E-F80B73874D51}
	EndGlobalSection
EndGlobal
